
Microsoft Visual Studio Solution File, Format Version 12.00
# Visual Studio 14
VisualStudioVersion = 14.0.24720.0
MinimumVisualStudioVersion = 10.0.40219.1
Project("{FAE04EC0-301F-11D3-BF4B-00C04F79EFBC}") = "DATEXIIToolkit", "DATEXIIToolkit\DATEXIIToolkit.csproj", "{9DF86655-2AD0-4402-8D73-6954C93B7933}"
EndProject
Project("{FAE04EC0-301F-11D3-BF4B-00C04F79EFBC}") = "DATEXIIToolkitTests", "DATEXIIToolkitTests\DATEXIIToolkitTests.csproj", "{B806F933-F2B8-4D86-BAAF-83A32369ACB0}"
EndProject
Global
	GlobalSection(SolutionConfigurationPlatforms) = preSolution
		Debug|Any CPU = Debug|Any CPU
		Release|Any CPU = Release|Any CPU
	EndGlobalSection
	GlobalSection(ProjectConfigurationPlatforms) = postSolution
		{9DF86655-2AD0-4402-8D73-6954C93B7933}.Debug|Any CPU.ActiveCfg = Debug|Any CPU
		{9DF86655-2AD0-4402-8D73-6954C93B7933}.Debug|Any CPU.Build.0 = Debug|Any CPU
		{9DF86655-2AD0-4402-8D73-6954C93B7933}.Release|Any CPU.ActiveCfg = Release|Any CPU
		{9DF86655-2AD0-4402-8D73-6954C93B7933}.Release|Any CPU.Build.0 = Release|Any CPU
		{B806F933-F2B8-4D86-BAAF-83A32369ACB0}.Debug|Any CPU.ActiveCfg = Debug|Any CPU
		{B806F933-F2B8-4D86-BAAF-83A32369ACB0}.Debug|Any CPU.Build.0 = Debug|Any CPU
		{B806F933-F2B8-4D86-BAAF-83A32369ACB0}.Release|Any CPU.ActiveCfg = Release|Any CPU
		{B806F933-F2B8-4D86-BAAF-83A32369ACB0}.Release|Any CPU.Build.0 = Release|Any CPU
	EndGlobalSection
	GlobalSection(SolutionProperties) = preSolution
		HideSolutionNode = FALSE
	EndGlobalSection
EndGlobal
